
Microsoft Visual Studio Solution File, Format Version 12.00
# Visual Studio Version 17
VisualStudioVersion = 17.3.32811.315
MinimumVisualStudioVersion = 10.0.40219.1
Project("{FAE04EC0-301F-11D3-BF4B-00C04F79EFBC}") = "ExpendedoraG2-2024-1", "ExpendedoraG2-2024-1.csproj", "{3E475095-8E78-4883-82BD-C5877E297D2A}"
EndProject
Global
	GlobalSection(SolutionConfigurationPlatforms) = preSolution
		Debug|Any CPU = Debug|Any CPU
		Release|Any CPU = Release|Any CPU
	EndGlobalSection
	GlobalSection(ProjectConfigurationPlatforms) = postSolution
		{3E475095-8E78-4883-82BD-C5877E297D2A}.Debug|Any CPU.ActiveCfg = Debug|Any CPU
		{3E475095-8E78-4883-82BD-C5877E297D2A}.Debug|Any CPU.Build.0 = Debug|Any CPU
		{3E475095-8E78-4883-82BD-C5877E297D2A}.Release|Any CPU.ActiveCfg = Release|Any CPU
		{3E475095-8E78-4883-82BD-C5877E297D2A}.Release|Any CPU.Build.0 = Release|Any CPU
	EndGlobalSection
	GlobalSection(SolutionProperties) = preSolution
		HideSolutionNode = FALSE
	EndGlobalSection
	GlobalSection(ExtensibilityGlobals) = postSolution
		SolutionGuid = {7A0D7640-6117-400F-9018-AB8E43477B1D}
	EndGlobalSection
EndGlobal
